// !$*UTF8*$!
{
	archiveVersion = 1;
	classes = {
	};
	objectVersion = 50;
	objects = {

/* Begin PBXBuildFile section */
		F583665E23BA06A800741822 /* AppDelegate.swift in Sources */ = {isa = PBXBuildFile; fileRef = F583665D23BA06A800741822 /* AppDelegate.swift */; };
		F583666023BA06A800741822 /* SceneDelegate.swift in Sources */ = {isa = PBXBuildFile; fileRef = F583665F23BA06A800741822 /* SceneDelegate.swift */; };
		F583666223BA06A800741822 /* ViewController.swift in Sources */ = {isa = PBXBuildFile; fileRef = F583666123BA06A800741822 /* ViewController.swift */; };
		F583666523BA06A800741822 /* Main.storyboard in Resources */ = {isa = PBXBuildFile; fileRef = F583666323BA06A800741822 /* Main.storyboard */; };
		F583666823BA06A800741822 /* CoreDataCURD.xcdatamodeld in Sources */ = {isa = PBXBuildFile; fileRef = F583666623BA06A800741822 /* CoreDataCURD.xcdatamodeld */; };
		F583666A23BA06AB00741822 /* Assets.xcassets in Resources */ = {isa = PBXBuildFile; fileRef = F583666923BA06AB00741822 /* Assets.xcassets */; };
		F583666D23BA06AB00741822 /* LaunchScreen.storyboard in Resources */ = {isa = PBXBuildFile; fileRef = F583666B23BA06AB00741822 /* LaunchScreen.storyboard */; };
		F583667823BA06AC00741822 /* CoreDataCURDTests.swift in Sources */ = {isa = PBXBuildFile; fileRef = F583667723BA06AC00741822 /* CoreDataCURDTests.swift */; };
		F583668323BA06AC00741822 /* CoreDataCURDUITests.swift in Sources */ = {isa = PBXBuildFile; fileRef = F583668223BA06AC00741822 /* CoreDataCURDUITests.swift */; };
/* End PBXBuildFile section */

/* Begin PBXContainerItemProxy section */
		F583667423BA06AC00741822 /* PBXContainerItemProxy */ = {
			isa = PBXContainerItemProxy;
			containerPortal = F583665223BA06A800741822 /* Project object */;
			proxyType = 1;
			remoteGlobalIDString = F583665923BA06A800741822;
			remoteInfo = CoreDataCURD;
		};
		F583667F23BA06AC00741822 /* PBXContainerItemProxy */ = {
			isa = PBXContainerItemProxy;
			containerPortal = F583665223BA06A800741822 /* Project object */;
			proxyType = 1;
			remoteGlobalIDString = F583665923BA06A800741822;
			remoteInfo = CoreDataCURD;
		};
/* End PBXContainerItemProxy section */

/* Begin PBXFileReference section */
		F583665A23BA06A800741822 /* CoreDataCURD.app */ = {isa = PBXFileReference; explicitFileType = wrapper.application; includeInIndex = 0; path = CoreDataCURD.app; sourceTree = BUILT_PRODUCTS_DIR; };
		F583665D23BA06A800741822 /* AppDelegate.swift */ = {isa = PBXFileReference; lastKnownFileType = sourcecode.swift; path = AppDelegate.swift; sourceTree = "<group>"; };
		F583665F23BA06A800741822 /* SceneDelegate.swift */ = {isa = PBXFileReference; lastKnownFileType = sourcecode.swift; path = SceneDelegate.swift; sourceTree = "<group>"; };
		F583666123BA06A800741822 /* ViewController.swift */ = {isa = PBXFileReference; lastKnownFileType = sourcecode.swift; path = ViewController.swift; sourceTree = "<group>"; };
		F583666423BA06A800741822 /* Base */ = {isa = PBXFileReference; lastKnownFileType = file.storyboard; name = Base; path = Base.lproj/Main.storyboard; sourceTree = "<group>"; };
		F583666723BA06A800741822 /* CoreDataCURD.xcdatamodel */ = {isa = PBXFileReference; lastKnownFileType = wrapper.xcdatamodel; path = CoreDataCURD.xcdatamodel; sourceTree = "<group>"; };
		F583666923BA06AB00741822 /* Assets.xcassets */ = {isa = PBXFileReference; lastKnownFileType = folder.assetcatalog; path = Assets.xcassets; sourceTree = "<group>"; };
		F583666C23BA06AB00741822 /* Base */ = {isa = PBXFileReference; lastKnownFileType = file.storyboard; name = Base; path = Base.lproj/LaunchScreen.storyboard; sourceTree = "<group>"; };
		F583666E23BA06AB00741822 /* Info.plist */ = {isa = PBXFileReference; lastKnownFileType = text.plist.xml; path = Info.plist; sourceTree = "<group>"; };
		F583667323BA06AC00741822 /* CoreDataCURDTests.xctest */ = {isa = PBXFileReference; explicitFileType = wrapper.cfbundle; includeInIndex = 0; path = CoreDataCURDTests.xctest; sourceTree = BUILT_PRODUCTS_DIR; };
		F583667723BA06AC00741822 /* CoreDataCURDTests.swift */ = {isa = PBXFileReference; lastKnownFileType = sourcecode.swift; path = CoreDataCURDTests.swift; sourceTree = "<group>"; };
		F583667923BA06AC00741822 /* Info.plist */ = {isa = PBXFileReference; lastKnownFileType = text.plist.xml; path = Info.plist; sourceTree = "<group>"; };
		F583667E23BA06AC00741822 /* CoreDataCURDUITests.xctest */ = {isa = PBXFileReference; explicitFileType = wrapper.cfbundle; includeInIndex = 0; path = CoreDataCURDUITests.xctest; sourceTree = BUILT_PRODUCTS_DIR; };
		F583668223BA06AC00741822 /* CoreDataCURDUITests.swift */ = {isa = PBXFileReference; lastKnownFileType = sourcecode.swift; path = CoreDataCURDUITests.swift; sourceTree = "<group>"; };
		F583668423BA06AC00741822 /* Info.plist */ = {isa = PBXFileReference; lastKnownFileType = text.plist.xml; path = Info.plist; sourceTree = "<group>"; };
/* End PBXFileReference section */

/* Begin PBXFrameworksBuildPhase section */
		F583665723BA06A800741822 /* Frameworks */ = {
			isa = PBXFrameworksBuildPhase;
			buildActionMask = 2147483647;
			files = (
			);
			runOnlyForDeploymentPostprocessing = 0;
		};
		F583667023BA06AC00741822 /* Frameworks */ = {
			isa = PBXFrameworksBuildPhase;
			buildActionMask = 2147483647;
			files = (
			);
			runOnlyForDeploymentPostprocessing = 0;
		};
		F583667B23BA06AC00741822 /* Frameworks */ = {
			isa = PBXFrameworksBuildPhase;
			buildActionMask = 2147483647;
			files = (
			);
			runOnlyForDeploymentPostprocessing = 0;
		};
/* End PBXFrameworksBuildPhase section */

/* Begin PBXGroup section */
		F583665123BA06A800741822 = {
			isa = PBXGroup;
			children = (
				F583665C23BA06A800741822 /* CoreDataCURD */,
				F583667623BA06AC00741822 /* CoreDataCURDTests */,
				F583668123BA06AC00741822 /* CoreDataCURDUITests */,
				F583665B23BA06A800741822 /* Products */,
			);
			sourceTree = "<group>";
		};
		F583665B23BA06A800741822 /* Products */ = {
			isa = PBXGroup;
			children = (
				F583665A23BA06A800741822 /* CoreDataCURD.app */,
				F583667323BA06AC00741822 /* CoreDataCURDTests.xctest */,
				F583667E23BA06AC00741822 /* CoreDataCURDUITests.xctest */,
			);
			name = Products;
			sourceTree = "<group>";
		};
		F583665C23BA06A800741822 /* CoreDataCURD */ = {
			isa = PBXGroup;
			children = (
				F583665D23BA06A800741822 /* AppDelegate.swift */,
				F583665F23BA06A800741822 /* SceneDelegate.swift */,
				F583666123BA06A800741822 /* ViewController.swift */,
				F583666323BA06A800741822 /* Main.storyboard */,
				F583666923BA06AB00741822 /* Assets.xcassets */,
				F583666B23BA06AB00741822 /* LaunchScreen.storyboard */,
				F583666E23BA06AB00741822 /* Info.plist */,
				F583666623BA06A800741822 /* CoreDataCURD.xcdatamodeld */,
			);
			path = CoreDataCURD;
			sourceTree = "<group>";
		};
		F583667623BA06AC00741822 /* CoreDataCURDTests */ = {
			isa = PBXGroup;
			children = (
				F583667723BA06AC00741822 /* CoreDataCURDTests.swift */,
				F583667923BA06AC00741822 /* Info.plist */,
			);
			path = CoreDataCURDTests;
			sourceTree = "<group>";
		};
		F583668123BA06AC00741822 /* CoreDataCURDUITests */ = {
			isa = PBXGroup;
			children = (
				F583668223BA06AC00741822 /* CoreDataCURDUITests.swift */,
				F583668423BA06AC00741822 /* Info.plist */,
			);
			path = CoreDataCURDUITests;
			sourceTree = "<group>";
		};
/* End PBXGroup section */

/* Begin PBXNativeTarget section */
		F583665923BA06A800741822 /* CoreDataCURD */ = {
			isa = PBXNativeTarget;
			buildConfigurationList = F583668723BA06AC00741822 /* Build configuration list for PBXNativeTarget "CoreDataCURD" */;
			buildPhases = (
				F583665623BA06A800741822 /* Sources */,
				F583665723BA06A800741822 /* Frameworks */,
				F583665823BA06A800741822 /* Resources */,
			);
			buildRules = (
			);
			dependencies = (
			);
			name = CoreDataCURD;
			productName = CoreDataCURD;
			productReference = F583665A23BA06A800741822 /* CoreDataCURD.app */;
			productType = "com.apple.product-type.application";
		};
		F583667223BA06AC00741822 /* CoreDataCURDTests */ = {
			isa = PBXNativeTarget;
			buildConfigurationList = F583668A23BA06AC00741822 /* Build configuration list for PBXNativeTarget "CoreDataCURDTests" */;
			buildPhases = (
				F583666F23BA06AC00741822 /* Sources */,
				F583667023BA06AC00741822 /* Frameworks */,
				F583667123BA06AC00741822 /* Resources */,
			);
			buildRules = (
			);
			dependencies = (
				F583667523BA06AC00741822 /* PBXTargetDependency */,
			);
			name = CoreDataCURDTests;
			productName = CoreDataCURDTests;
			productReference = F583667323BA06AC00741822 /* CoreDataCURDTests.xctest */;
			productType = "com.apple.product-type.bundle.unit-test";
		};
		F583667D23BA06AC00741822 /* CoreDataCURDUITests */ = {
			isa = PBXNativeTarget;
			buildConfigurationList = F583668D23BA06AC00741822 /* Build configuration list for PBXNativeTarget "CoreDataCURDUITests" */;
			buildPhases = (
				F583667A23BA06AC00741822 /* Sources */,
				F583667B23BA06AC00741822 /* Frameworks */,
				F583667C23BA06AC00741822 /* Resources */,
			);
			buildRules = (
			);
			dependencies = (
				F583668023BA06AC00741822 /* PBXTargetDependency */,
			);
			name = CoreDataCURDUITests;
			productName = CoreDataCURDUITests;
			productReference = F583667E23BA06AC00741822 /* CoreDataCURDUITests.xctest */;
			productType = "com.apple.product-type.bundle.ui-testing";
		};
/* End PBXNativeTarget section */

/* Begin PBXProject section */
		F583665223BA06A800741822 /* Project object */ = {
			isa = PBXProject;
			attributes = {
				LastSwiftUpdateCheck = 1130;
				LastUpgradeCheck = 1130;
				ORGANIZATIONNAME = "Arpit Srivastava";
				TargetAttributes = {
					F583665923BA06A800741822 = {
						CreatedOnToolsVersion = 11.3;
					};
					F583667223BA06AC00741822 = {
						CreatedOnToolsVersion = 11.3;
						TestTargetID = F583665923BA06A800741822;
					};
					F583667D23BA06AC00741822 = {
						CreatedOnToolsVersion = 11.3;
						TestTargetID = F583665923BA06A800741822;
					};
				};
			};
			buildConfigurationList = F583665523BA06A800741822 /* Build configuration list for PBXProject "CoreDataCURD" */;
			compatibilityVersion = "Xcode 9.3";
			developmentRegion = en;
			hasScannedForEncodings = 0;
			knownRegions = (
				en,
				Base,
			);
			mainGroup = F583665123BA06A800741822;
			productRefGroup = F583665B23BA06A800741822 /* Products */;
			projectDirPath = "";
			projectRoot = "";
			targets = (
				F583665923BA06A800741822 /* CoreDataCURD */,
				F583667223BA06AC00741822 /* CoreDataCURDTests */,
				F583667D23BA06AC00741822 /* CoreDataCURDUITests */,
			);
		};
/* End PBXProject section */

/* Begin PBXResourcesBuildPhase section */
		F583665823BA06A800741822 /* Resources */ = {
			isa = PBXResourcesBuildPhase;
			buildActionMask = 2147483647;
			files = (
				F583666D23BA06AB00741822 /* LaunchScreen.storyboard in Resources */,
				F583666A23BA06AB00741822 /* Assets.xcassets in Resources */,
				F583666523BA06A800741822 /* Main.storyboard in Resources */,
			);
			runOnlyForDeploymentPostprocessing = 0;
		};
		F583667123BA06AC00741822 /* Resources */ = {
			isa = PBXResourcesBuildPhase;
			buildActionMask = 2147483647;
			files = (
			);
			runOnlyForDeploymentPostprocessing = 0;
		};
		F583667C23BA06AC00741822 /* Resources */ = {
			isa = PBXResourcesBuildPhase;
			buildActionMask = 2147483647;
			files = (
			);
			runOnlyForDeploymentPostprocessing = 0;
		};
/* End PBXResourcesBuildPhase section */

/* Begin PBXSourcesBuildPhase section */
		F583665623BA06A800741822 /* Sources */ = {
			isa = PBXSourcesBuildPhase;
			buildActionMask = 2147483647;
			files = (
				F583666223BA06A800741822 /* ViewController.swift in Sources */,
				F583665E23BA06A800741822 /* AppDelegate.swift in Sources */,
				F583666823BA06A800741822 /* CoreDataCURD.xcdatamodeld in Sources */,
				F583666023BA06A800741822 /* SceneDelegate.swift in Sources */,
			);
			runOnlyForDeploymentPostprocessing = 0;
		};
		F583666F23BA06AC00741822 /* Sources */ = {
			isa = PBXSourcesBuildPhase;
			buildActionMask = 2147483647;
			files = (
				F583667823BA06AC00741822 /* CoreDataCURDTests.swift in Sources */,
			);
			runOnlyForDeploymentPostprocessing = 0;
		};
		F583667A23BA06AC00741822 /* Sources */ = {
			isa = PBXSourcesBuildPhase;
			buildActionMask = 2147483647;
			files = (
				F583668323BA06AC00741822 /* CoreDataCURDUITests.swift in Sources */,
			);
			runOnlyForDeploymentPostprocessing = 0;
		};
/* End PBXSourcesBuildPhase section */

/* Begin PBXTargetDependency section */
		F583667523BA06AC00741822 /* PBXTargetDependency */ = {
			isa = PBXTargetDependency;
			target = F583665923BA06A800741822 /* CoreDataCURD */;
			targetProxy = F583667423BA06AC00741822 /* PBXContainerItemProxy */;
		};
		F583668023BA06AC00741822 /* PBXTargetDependency */ = {
			isa = PBXTargetDependency;
			target = F583665923BA06A800741822 /* CoreDataCURD */;
			targetProxy = F583667F23BA06AC00741822 /* PBXContainerItemProxy */;
		};
/* End PBXTargetDependency section */

/* Begin PBXVariantGroup section */
		F583666323BA06A800741822 /* Main.storyboard */ = {
			isa = PBXVariantGroup;
			children = (
				F583666423BA06A800741822 /* Base */,
			);
			name = Main.storyboard;
			sourceTree = "<group>";
		};
		F583666B23BA06AB00741822 /* LaunchScreen.storyboard */ = {
			isa = PBXVariantGroup;
			children = (
				F583666C23BA06AB00741822 /* Base */,
			);
			name = LaunchScreen.storyboard;
			sourceTree = "<group>";
		};
/* End PBXVariantGroup section */

/* Begin XCBuildConfiguration section */
		F583668523BA06AC00741822 /* Debug */ = {
			isa = XCBuildConfiguration;
			buildSettings = {
				ALWAYS_SEARCH_USER_PATHS = NO;
				CLANG_ANALYZER_NONNULL = YES;
				CLANG_ANALYZER_NUMBER_OBJECT_CONVERSION = YES_AGGRESSIVE;
				CLANG_CXX_LANGUAGE_STANDARD = "gnu++14";
				CLANG_CXX_LIBRARY = "libc++";
				CLANG_ENABLE_MODULES = YES;
				CLANG_ENABLE_OBJC_ARC = YES;
				CLANG_ENABLE_OBJC_WEAK = YES;
				CLANG_WARN_BLOCK_CAPTURE_AUTORELEASING = YES;
				CLANG_WARN_BOOL_CONVERSION = YES;
				CLANG_WARN_COMMA = YES;
				CLANG_WARN_CONSTANT_CONVERSION = YES;
				CLANG_WARN_DEPRECATED_OBJC_IMPLEMENTATIONS = YES;
				CLANG_WARN_DIRECT_OBJC_ISA_USAGE = YES_ERROR;
				CLANG_WARN_DOCUMENTATION_COMMENTS = YES;
				CLANG_WARN_EMPTY_BODY = YES;
				CLANG_WARN_ENUM_CONVERSION = YES;
				CLANG_WARN_INFINITE_RECURSION = YES;
				CLANG_WARN_INT_CONVERSION = YES;
				CLANG_WARN_NON_LITERAL_NULL_CONVERSION = YES;
				CLANG_WARN_OBJC_IMPLICIT_RETAIN_SELF = YES;
				CLANG_WARN_OBJC_LITERAL_CONVERSION = YES;
				CLANG_WARN_OBJC_ROOT_CLASS = YES_ERROR;
				CLANG_WARN_RANGE_LOOP_ANALYSIS = YES;
				CLANG_WARN_STRICT_PROTOTYPES = YES;
				CLANG_WARN_SUSPICIOUS_MOVE = YES;
				CLANG_WARN_UNGUARDED_AVAILABILITY = YES_AGGRESSIVE;
				CLANG_WARN_UNREACHABLE_CODE = YES;
				CLANG_WARN__DUPLICATE_METHOD_MATCH = YES;
				COPY_PHASE_STRIP = NO;
				DEBUG_INFORMATION_FORMAT = dwarf;
				ENABLE_STRICT_OBJC_MSGSEND = YES;
				ENABLE_TESTABILITY = YES;
				GCC_C_LANGUAGE_STANDARD = gnu11;
				GCC_DYNAMIC_NO_PIC = NO;
				GCC_NO_COMMON_BLOCKS = YES;
				GCC_OPTIMIZATION_LEVEL = 0;
				GCC_PREPROCESSOR_DEFINITIONS = (
					"DEBUG=1",
					"$(inherited)",
				);
				GCC_WARN_64_TO_32_BIT_CONVERSION = YES;
				GCC_WARN_ABOUT_RETURN_TYPE = YES_ERROR;
				GCC_WARN_UNDECLARED_SELECTOR = YES;
				GCC_WARN_UNINITIALIZED_AUTOS = YES_AGGRESSIVE;
				GCC_WARN_UNUSED_FUNCTION = YES;
				GCC_WARN_UNUSED_VARIABLE = YES;
				IPHONEOS_DEPLOYMENT_TARGET = 13.2;
				MTL_ENABLE_DEBUG_INFO = INCLUDE_SOURCE;
				MTL_FAST_MATH = YES;
				ONLY_ACTIVE_ARCH = YES;
				SDKROOT = iphoneos;
				SWIFT_ACTIVE_COMPILATION_CONDITIONS = DEBUG;
				SWIFT_OPTIMIZATION_LEVEL = "-Onone";
			};
			name = Debug;
		};
		F583668623BA06AC00741822 /* Release */ = {
			isa = XCBuildConfiguration;
			buildSettings = {
				ALWAYS_SEARCH_USER_PATHS = NO;
				CLANG_ANALYZER_NONNULL = YES;
				CLANG_ANALYZER_NUMBER_OBJECT_CONVERSION = YES_AGGRESSIVE;
				CLANG_CXX_LANGUAGE_STANDARD = "gnu++14";
				CLANG_CXX_LIBRARY = "libc++";
				CLANG_ENABLE_MODULES = YES;
				CLANG_ENABLE_OBJC_ARC = YES;
				CLANG_ENABLE_OBJC_WEAK = YES;
				CLANG_WARN_BLOCK_CAPTURE_AUTORELEASING = YES;
				CLANG_WARN_BOOL_CONVERSION = YES;
				CLANG_WARN_COMMA = YES;
				CLANG_WARN_CONSTANT_CONVERSION = YES;
				CLANG_WARN_DEPRECATED_OBJC_IMPLEMENTATIONS = YES;
				CLANG_WARN_DIRECT_OBJC_ISA_USAGE = YES_ERROR;
				CLANG_WARN_DOCUMENTATION_COMMENTS = YES;
				CLANG_WARN_EMPTY_BODY = YES;
				CLANG_WARN_ENUM_CONVERSION = YES;
				CLANG_WARN_INFINITE_RECURSION = YES;
				CLANG_WARN_INT_CONVERSION = YES;
				CLANG_WARN_NON_LITERAL_NULL_CONVERSION = YES;
				CLANG_WARN_OBJC_IMPLICIT_RETAIN_SELF = YES;
				CLANG_WARN_OBJC_LITERAL_CONVERSION = YES;
				CLANG_WARN_OBJC_ROOT_CLASS = YES_ERROR;
				CLANG_WARN_RANGE_LOOP_ANALYSIS = YES;
				CLANG_WARN_STRICT_PROTOTYPES = YES;
				CLANG_WARN_SUSPICIOUS_MOVE = YES;
				CLANG_WARN_UNGUARDED_AVAILABILITY = YES_AGGRESSIVE;
				CLANG_WARN_UNREACHABLE_CODE = YES;
				CLANG_WARN__DUPLICATE_METHOD_MATCH = YES;
				COPY_PHASE_STRIP = NO;
				DEBUG_INFORMATION_FORMAT = "dwarf-with-dsym";
				ENABLE_NS_ASSERTIONS = NO;
				ENABLE_STRICT_OBJC_MSGSEND = YES;
				GCC_C_LANGUAGE_STANDARD = gnu11;
				GCC_NO_COMMON_BLOCKS = YES;
				GCC_WARN_64_TO_32_BIT_CONVERSION = YES;
				GCC_WARN_ABOUT_RETURN_TYPE = YES_ERROR;
				GCC_WARN_UNDECLARED_SELECTOR = YES;
				GCC_WARN_UNINITIALIZED_AUTOS = YES_AGGRESSIVE;
				GCC_WARN_UNUSED_FUNCTION = YES;
				GCC_WARN_UNUSED_VARIABLE = YES;
				IPHONEOS_DEPLOYMENT_TARGET = 13.2;
				MTL_ENABLE_DEBUG_INFO = NO;
				MTL_FAST_MATH = YES;
				SDKROOT = iphoneos;
				SWIFT_COMPILATION_MODE = wholemodule;
				SWIFT_OPTIMIZATION_LEVEL = "-O";
				VALIDATE_PRODUCT = YES;
			};
			name = Release;
		};
		F583668823BA06AC00741822 /* Debug */ = {
			isa = XCBuildConfiguration;
			buildSettings = {
				ASSETCATALOG_COMPILER_APPICON_NAME = AppIcon;
				CODE_SIGN_STYLE = Automatic;
				INFOPLIST_FILE = CoreDataCURD/Info.plist;
				LD_RUNPATH_SEARCH_PATHS = (
					"$(inherited)",
					"@executable_path/Frameworks",
				);
				PRODUCT_BUNDLE_IDENTIFIER = com.fhl.co.CoreDataCURD;
				PRODUCT_NAME = "$(TARGET_NAME)";
				SWIFT_VERSION = 5.0;
				TARGETED_DEVICE_FAMILY = "1,2";
			};
			name = Debug;
		};
		F583668923BA06AC00741822 /* Release */ = {
			isa = XCBuildConfiguration;
			buildSettings = {
				ASSETCATALOG_COMPILER_APPICON_NAME = AppIcon;
				CODE_SIGN_STYLE = Automatic;
				INFOPLIST_FILE = CoreDataCURD/Info.plist;
				LD_RUNPATH_SEARCH_PATHS = (
					"$(inherited)",
					"@executable_path/Frameworks",
				);
				PRODUCT_BUNDLE_IDENTIFIER = com.fhl.co.CoreDataCURD;
				PRODUCT_NAME = "$(TARGET_NAME)";
				SWIFT_VERSION = 5.0;
				TARGETED_DEVICE_FAMILY = "1,2";
			};
			name = Release;
		};
		F583668B23BA06AC00741822 /* Debug */ = {
			isa = XCBuildConfiguration;
			buildSettings = {
				ALWAYS_EMBED_SWIFT_STANDARD_LIBRARIES = YES;
				BUNDLE_LOADER = "$(TEST_HOST)";
				CODE_SIGN_STYLE = Automatic;
				INFOPLIST_FILE = CoreDataCURDTests/Info.plist;
				IPHONEOS_DEPLOYMENT_TARGET = 13.2;
				LD_RUNPATH_SEARCH_PATHS = (
					"$(inherited)",
					"@executable_path/Frameworks",
					"@loader_path/Frameworks",
				);
				PRODUCT_BUNDLE_IDENTIFIER = com.fhl.co.CoreDataCURDTests;
				PRODUCT_NAME = "$(TARGET_NAME)";
				SWIFT_VERSION = 5.0;
				TARGETED_DEVICE_FAMILY = "1,2";
				TEST_HOST = "$(BUILT_PRODUCTS_DIR)/CoreDataCURD.app/CoreDataCURD";
			};
			name = Debug;
		};
		F583668C23BA06AC00741822 /* Release */ = {
			isa = XCBuildConfiguration;
			buildSettings = {
				ALWAYS_EMBED_SWIFT_STANDARD_LIBRARIES = YES;
				BUNDLE_LOADER = "$(TEST_HOST)";
				CODE_SIGN_STYLE = Automatic;
				INFOPLIST_FILE = CoreDataCURDTests/Info.plist;
				IPHONEOS_DEPLOYMENT_TARGET = 13.2;
				LD_RUNPATH_SEARCH_PATHS = (
					"$(inherited)",
					"@executable_path/Frameworks",
					"@loader_path/Frameworks",
				);
				PRODUCT_BUNDLE_IDENTIFIER = com.fhl.co.CoreDataCURDTests;
				PRODUCT_NAME = "$(TARGET_NAME)";
				SWIFT_VERSION = 5.0;
				TARGETED_DEVICE_FAMILY = "1,2";
				TEST_HOST = "$(BUILT_PRODUCTS_DIR)/CoreDataCURD.app/CoreDataCURD";
			};
			name = Release;
		};
		F583668E23BA06AC00741822 /* Debug */ = {
			isa = XCBuildConfiguration;
			buildSettings = {
				ALWAYS_EMBED_SWIFT_STANDARD_LIBRARIES = YES;
				CODE_SIGN_STYLE = Automatic;
				INFOPLIST_FILE = CoreDataCURDUITests/Info.plist;
				LD_RUNPATH_SEARCH_PATHS = (
					"$(inherited)",
					"@executable_path/Frameworks",
					"@loader_path/Frameworks",
				);
				PRODUCT_BUNDLE_IDENTIFIER = com.fhl.co.CoreDataCURDUITests;
				PRODUCT_NAME = "$(TARGET_NAME)";
				SWIFT_VERSION = 5.0;
				TARGETED_DEVICE_FAMILY = "1,2";
				TEST_TARGET_NAME = CoreDataCURD;
			};
			name = Debug;
		};
		F583668F23BA06AC00741822 /* Release */ = {
			isa = XCBuildConfiguration;
			buildSettings = {
				ALWAYS_EMBED_SWIFT_STANDARD_LIBRARIES = YES;
				CODE_SIGN_STYLE = Automatic;
				INFOPLIST_FILE = CoreDataCURDUITests/Info.plist;
				LD_RUNPATH_SEARCH_PATHS = (
					"$(inherited)",
					"@executable_path/Frameworks",
					"@loader_path/Frameworks",
				);
				PRODUCT_BUNDLE_IDENTIFIER = com.fhl.co.CoreDataCURDUITests;
				PRODUCT_NAME = "$(TARGET_NAME)";
				SWIFT_VERSION = 5.0;
				TARGETED_DEVICE_FAMILY = "1,2";
				TEST_TARGET_NAME = CoreDataCURD;
			};
			name = Release;
		};
/* End XCBuildConfiguration section */

/* Begin XCConfigurationList section */
		F583665523BA06A800741822 /* Build configuration list for PBXProject "CoreDataCURD" */ = {
			isa = XCConfigurationList;
			buildConfigurations = (
				F583668523BA06AC00741822 /* Debug */,
				F583668623BA06AC00741822 /* Release */,
			);
			defaultConfigurationIsVisible = 0;
			defaultConfigurationName = Release;
		};
		F583668723BA06AC00741822 /* Build configuration list for PBXNativeTarget "CoreDataCURD" */ = {
			isa = XCConfigurationList;
			buildConfigurations = (
				F583668823BA06AC00741822 /* Debug */,
				F583668923BA06AC00741822 /* Release */,
			);
			defaultConfigurationIsVisible = 0;
			defaultConfigurationName = Release;
		};
		F583668A23BA06AC00741822 /* Build configuration list for PBXNativeTarget "CoreDataCURDTests" */ = {
			isa = XCConfigurationList;
			buildConfigurations = (
				F583668B23BA06AC00741822 /* Debug */,
				F583668C23BA06AC00741822 /* Release */,
			);
			defaultConfigurationIsVisible = 0;
			defaultConfigurationName = Release;
		};
		F583668D23BA06AC00741822 /* Build configuration list for PBXNativeTarget "CoreDataCURDUITests" */ = {
			isa = XCConfigurationList;
			buildConfigurations = (
				F583668E23BA06AC00741822 /* Debug */,
				F583668F23BA06AC00741822 /* Release */,
			);
			defaultConfigurationIsVisible = 0;
			defaultConfigurationName = Release;
		};
/* End XCConfigurationList section */

/* Begin XCVersionGroup section */
		F583666623BA06A800741822 /* CoreDataCURD.xcdatamodeld */ = {
			isa = XCVersionGroup;
			children = (
				F583666723BA06A800741822 /* CoreDataCURD.xcdatamodel */,
			);
			currentVersion = F583666723BA06A800741822 /* CoreDataCURD.xcdatamodel */;
			path = CoreDataCURD.xcdatamodeld;
			sourceTree = "<group>";
			versionGroupType = wrapper.xcdatamodel;
		};
/* End XCVersionGroup section */
	};
	rootObject = F583665223BA06A800741822 /* Project object */;
}
